// !$*UTF8*$!
{
	archiveVersion = 1;
	classes = {
	};
	objectVersion = 51;
	objects = {

/* Begin PBXBuildFile section */
		1EC269601B1577FE15F7310F /* Pods_MapConvertQuestion.framework in Frameworks */ = {isa = PBXBuildFile; fileRef = 849D1477E77B3F5C13DCCE54 /* Pods_MapConvertQuestion.framework */; };
		5404BD03240A62F100B3C6EC /* QuestionMapSelectPageTableViewController.swift in Sources */ = {isa = PBXBuildFile; fileRef = 5404BD02240A62F100B3C6EC /* QuestionMapSelectPageTableViewController.swift */; };
		5404BD06240B538600B3C6EC /* SelectQuestionMapPageTableViewCell.swift in Sources */ = {isa = PBXBuildFile; fileRef = 5404BD04240B538600B3C6EC /* SelectQuestionMapPageTableViewCell.swift */; };
		5404BD07240B538600B3C6EC /* SelectQuestionMapPageTableViewCell.xib in Resources */ = {isa = PBXBuildFile; fileRef = 5404BD05240B538600B3C6EC /* SelectQuestionMapPageTableViewCell.xib */; };
		542F3FAA240FAFEC00D92561 /* ToDoQuestionPage.storyboard in Resources */ = {isa = PBXBuildFile; fileRef = 542F3FA9240FAFEC00D92561 /* ToDoQuestionPage.storyboard */; };
		542F3FAC240FB1C300D92561 /* ToDoQuestionPageViewController.swift in Sources */ = {isa = PBXBuildFile; fileRef = 542F3FAB240FB1C300D92561 /* ToDoQuestionPageViewController.swift */; };
		542F3FAE240FB32500D92561 /* ToDoQuestionDisplay.xib in Resources */ = {isa = PBXBuildFile; fileRef = 542F3FAD240FB32500D92561 /* ToDoQuestionDisplay.xib */; };
		542F3FB0240FB3E100D92561 /* ToDoQuestionDisplay.swift in Sources */ = {isa = PBXBuildFile; fileRef = 542F3FAF240FB3E100D92561 /* ToDoQuestionDisplay.swift */; };
		542F3FB2240FB54D00D92561 /* ToDoQuestionPresenter.swift in Sources */ = {isa = PBXBuildFile; fileRef = 542F3FB1240FB54D00D92561 /* ToDoQuestionPresenter.swift */; };
		542F3FB4240FB58900D92561 /* ToDoQuestionModel.swift in Sources */ = {isa = PBXBuildFile; fileRef = 542F3FB3240FB58900D92561 /* ToDoQuestionModel.swift */; };
		5433AE562414AF60009877A1 /* MyColor.swift in Sources */ = {isa = PBXBuildFile; fileRef = 5433AE552414AF60009877A1 /* MyColor.swift */; };
		543E7FE7240E987D0073C7FF /* LearningIntervalStruct.swift in Sources */ = {isa = PBXBuildFile; fileRef = 543E7FE6240E987D0073C7FF /* LearningIntervalStruct.swift */; };
		54769734240E08B1004E8C63 /* IntervalEnum.swift in Sources */ = {isa = PBXBuildFile; fileRef = 54769733240E08B1004E8C63 /* IntervalEnum.swift */; };
		54B466A72408B90700813800 /* QuestionAnswerTableViewCell.swift in Sources */ = {isa = PBXBuildFile; fileRef = 54B466A52408B90700813800 /* QuestionAnswerTableViewCell.swift */; };
		54B466A82408B90700813800 /* QuestionAnswerTableViewCell.xib in Resources */ = {isa = PBXBuildFile; fileRef = 54B466A62408B90700813800 /* QuestionAnswerTableViewCell.xib */; };
		54B466AA2408BA3C00813800 /* ObjectExtension.swift in Sources */ = {isa = PBXBuildFile; fileRef = 54B466A92408BA3C00813800 /* ObjectExtension.swift */; };
		54BFEE352400F58800B55A8C /* QuestionPagePresenter.swift in Sources */ = {isa = PBXBuildFile; fileRef = 54BFEE342400F58800B55A8C /* QuestionPagePresenter.swift */; };
		54BFEE372400F61100B55A8C /* QuestionModel.swift in Sources */ = {isa = PBXBuildFile; fileRef = 54BFEE362400F61100B55A8C /* QuestionModel.swift */; };
		54BFEE392400F7E400B55A8C /* QuestionPageViewController.swift in Sources */ = {isa = PBXBuildFile; fileRef = 54BFEE382400F7E400B55A8C /* QuestionPageViewController.swift */; };
		54BFEE3B2402701000B55A8C /* RealmMindNodeModel.swift in Sources */ = {isa = PBXBuildFile; fileRef = 54BFEE3A2402701000B55A8C /* RealmMindNodeModel.swift */; };
		54EE8B0E23FE337300CF342F /* MarkDownInputModel.swift in Sources */ = {isa = PBXBuildFile; fileRef = 54EE8B0D23FE337300CF342F /* MarkDownInputModel.swift */; };
		54F45E2023F90AB5002981C8 /* AppDelegate.swift in Sources */ = {isa = PBXBuildFile; fileRef = 54F45E1F23F90AB5002981C8 /* AppDelegate.swift */; };
		54F45E2223F90AB5002981C8 /* SceneDelegate.swift in Sources */ = {isa = PBXBuildFile; fileRef = 54F45E2123F90AB5002981C8 /* SceneDelegate.swift */; };
		54F45E2423F90AB5002981C8 /* ViewController.swift in Sources */ = {isa = PBXBuildFile; fileRef = 54F45E2323F90AB5002981C8 /* ViewController.swift */; };
		54F45E2723F90AB5002981C8 /* Main.storyboard in Resources */ = {isa = PBXBuildFile; fileRef = 54F45E2523F90AB5002981C8 /* Main.storyboard */; };
		54F45E2923F90AC3002981C8 /* Assets.xcassets in Resources */ = {isa = PBXBuildFile; fileRef = 54F45E2823F90AC3002981C8 /* Assets.xcassets */; };
		54F45E2C23F90AC3002981C8 /* LaunchScreen.storyboard in Resources */ = {isa = PBXBuildFile; fileRef = 54F45E2A23F90AC3002981C8 /* LaunchScreen.storyboard */; };
		54F45E3623F9111B002981C8 /* QuestionDidsplay.xib in Resources */ = {isa = PBXBuildFile; fileRef = 54F45E3523F9111B002981C8 /* QuestionDidsplay.xib */; };
		54F45E3823F917C5002981C8 /* MarkDownInput.xib in Resources */ = {isa = PBXBuildFile; fileRef = 54F45E3723F917C5002981C8 /* MarkDownInput.xib */; };
		54F45E3B23F918E6002981C8 /* QuestionDidsplay.swift in Sources */ = {isa = PBXBuildFile; fileRef = 54F45E3A23F918E6002981C8 /* QuestionDidsplay.swift */; };
		54F45E3D23F918F5002981C8 /* MarkDownInput.swift in Sources */ = {isa = PBXBuildFile; fileRef = 54F45E3C23F918F5002981C8 /* MarkDownInput.swift */; };
		54F45E4623F91ABC002981C8 /* QuestionStruct.swift in Sources */ = {isa = PBXBuildFile; fileRef = 54F45E4523F91ABB002981C8 /* QuestionStruct.swift */; };
		54F45E4823F9437F002981C8 /* MarkDownInput.storyboard in Resources */ = {isa = PBXBuildFile; fileRef = 54F45E4723F9437F002981C8 /* MarkDownInput.storyboard */; };
		54F45E4A23F944DB002981C8 /* QuestionPage.storyboard in Resources */ = {isa = PBXBuildFile; fileRef = 54F45E4923F944DB002981C8 /* QuestionPage.storyboard */; };
		54F45E5123FAA177002981C8 /* MarkDownInputViewController.swift in Sources */ = {isa = PBXBuildFile; fileRef = 54F45E5023FAA177002981C8 /* MarkDownInputViewController.swift */; };
		54F45E5323FAA263002981C8 /* MarkDownInputPresenter.swift in Sources */ = {isa = PBXBuildFile; fileRef = 54F45E5223FAA263002981C8 /* MarkDownInputPresenter.swift */; };
		54F4854923FF781900D7962C /* R.generated.swift in Sources */ = {isa = PBXBuildFile; fileRef = 54F4854823FF781900D7962C /* R.generated.swift */; };
		54FF62C42400D68F0009B721 /* FirestoreProtocolExtension.swift in Sources */ = {isa = PBXBuildFile; fileRef = 54FF62C32400D68F0009B721 /* FirestoreProtocolExtension.swift */; };
		54FF62C62400E1640009B721 /* MindNodeModel.swift in Sources */ = {isa = PBXBuildFile; fileRef = 54FF62C52400E1640009B721 /* MindNodeModel.swift */; };
/* End PBXBuildFile section */

/* Begin PBXFileReference section */
		5404BD02240A62F100B3C6EC /* QuestionMapSelectPageTableViewController.swift */ = {isa = PBXFileReference; lastKnownFileType = sourcecode.swift; path = QuestionMapSelectPageTableViewController.swift; sourceTree = "<group>"; };
		5404BD04240B538600B3C6EC /* SelectQuestionMapPageTableViewCell.swift */ = {isa = PBXFileReference; lastKnownFileType = sourcecode.swift; path = SelectQuestionMapPageTableViewCell.swift; sourceTree = "<group>"; };
		5404BD05240B538600B3C6EC /* SelectQuestionMapPageTableViewCell.xib */ = {isa = PBXFileReference; lastKnownFileType = file.xib; path = SelectQuestionMapPageTableViewCell.xib; sourceTree = "<group>"; };
		542F3FA9240FAFEC00D92561 /* ToDoQuestionPage.storyboard */ = {isa = PBXFileReference; lastKnownFileType = file.storyboard; path = ToDoQuestionPage.storyboard; sourceTree = "<group>"; };
		542F3FAB240FB1C300D92561 /* ToDoQuestionPageViewController.swift */ = {isa = PBXFileReference; lastKnownFileType = sourcecode.swift; path = ToDoQuestionPageViewController.swift; sourceTree = "<group>"; };
		542F3FAD240FB32500D92561 /* ToDoQuestionDisplay.xib */ = {isa = PBXFileReference; lastKnownFileType = file.xib; path = ToDoQuestionDisplay.xib; sourceTree = "<group>"; };
		542F3FAF240FB3E100D92561 /* ToDoQuestionDisplay.swift */ = {isa = PBXFileReference; lastKnownFileType = sourcecode.swift; path = ToDoQuestionDisplay.swift; sourceTree = "<group>"; };
		542F3FB1240FB54D00D92561 /* ToDoQuestionPresenter.swift */ = {isa = PBXFileReference; lastKnownFileType = sourcecode.swift; path = ToDoQuestionPresenter.swift; sourceTree = "<group>"; };
		542F3FB3240FB58900D92561 /* ToDoQuestionModel.swift */ = {isa = PBXFileReference; lastKnownFileType = sourcecode.swift; path = ToDoQuestionModel.swift; sourceTree = "<group>"; };
		5433AE552414AF60009877A1 /* MyColor.swift */ = {isa = PBXFileReference; lastKnownFileType = sourcecode.swift; name = MyColor.swift; path = MapConvertQuestion/Model/MyColor.swift; sourceTree = SOURCE_ROOT; };
		543E7FE6240E987D0073C7FF /* LearningIntervalStruct.swift */ = {isa = PBXFileReference; lastKnownFileType = sourcecode.swift; path = LearningIntervalStruct.swift; sourceTree = "<group>"; };
		54769733240E08B1004E8C63 /* IntervalEnum.swift */ = {isa = PBXFileReference; lastKnownFileType = sourcecode.swift; name = IntervalEnum.swift; path = MapConvertQuestion/Presenter/IntervalEnum.swift; sourceTree = SOURCE_ROOT; };
		54B466A52408B90700813800 /* QuestionAnswerTableViewCell.swift */ = {isa = PBXFileReference; lastKnownFileType = sourcecode.swift; path = QuestionAnswerTableViewCell.swift; sourceTree = "<group>"; };
		54B466A62408B90700813800 /* QuestionAnswerTableViewCell.xib */ = {isa = PBXFileReference; lastKnownFileType = file.xib; name = QuestionAnswerTableViewCell.xib; path = ../CustomView/QuestionAnswerTableViewCell.xib; sourceTree = "<group>"; };
		54B466A92408BA3C00813800 /* ObjectExtension.swift */ = {isa = PBXFileReference; lastKnownFileType = sourcecode.swift; name = ObjectExtension.swift; path = MapConvertQuestion/CustomView/ObjectExtension.swift; sourceTree = SOURCE_ROOT; };
		54BFEE342400F58800B55A8C /* QuestionPagePresenter.swift */ = {isa = PBXFileReference; lastKnownFileType = sourcecode.swift; path = QuestionPagePresenter.swift; sourceTree = "<group>"; };
		54BFEE362400F61100B55A8C /* QuestionModel.swift */ = {isa = PBXFileReference; lastKnownFileType = sourcecode.swift; path = QuestionModel.swift; sourceTree = "<group>"; };
		54BFEE382400F7E400B55A8C /* QuestionPageViewController.swift */ = {isa = PBXFileReference; lastKnownFileType = sourcecode.swift; path = QuestionPageViewController.swift; sourceTree = "<group>"; };
		54BFEE3A2402701000B55A8C /* RealmMindNodeModel.swift */ = {isa = PBXFileReference; lastKnownFileType = sourcecode.swift; path = RealmMindNodeModel.swift; sourceTree = "<group>"; };
		54EE8B0D23FE337300CF342F /* MarkDownInputModel.swift */ = {isa = PBXFileReference; lastKnownFileType = sourcecode.swift; path = MarkDownInputModel.swift; sourceTree = "<group>"; };
		54F45E1C23F90AB5002981C8 /* MapConvertQuestion.app */ = {isa = PBXFileReference; explicitFileType = wrapper.application; includeInIndex = 0; path = MapConvertQuestion.app; sourceTree = BUILT_PRODUCTS_DIR; };
		54F45E1F23F90AB5002981C8 /* AppDelegate.swift */ = {isa = PBXFileReference; lastKnownFileType = sourcecode.swift; path = AppDelegate.swift; sourceTree = "<group>"; };
		54F45E2123F90AB5002981C8 /* SceneDelegate.swift */ = {isa = PBXFileReference; lastKnownFileType = sourcecode.swift; path = SceneDelegate.swift; sourceTree = "<group>"; };
		54F45E2323F90AB5002981C8 /* ViewController.swift */ = {isa = PBXFileReference; lastKnownFileType = sourcecode.swift; path = ViewController.swift; sourceTree = "<group>"; };
		54F45E2623F90AB5002981C8 /* Base */ = {isa = PBXFileReference; lastKnownFileType = file.storyboard; name = Base; path = Base.lproj/Main.storyboard; sourceTree = "<group>"; };
		54F45E2823F90AC3002981C8 /* Assets.xcassets */ = {isa = PBXFileReference; lastKnownFileType = folder.assetcatalog; path = Assets.xcassets; sourceTree = "<group>"; };
		54F45E2B23F90AC3002981C8 /* Base */ = {isa = PBXFileReference; lastKnownFileType = file.storyboard; name = Base; path = Base.lproj/LaunchScreen.storyboard; sourceTree = "<group>"; };
		54F45E2D23F90AC3002981C8 /* Info.plist */ = {isa = PBXFileReference; lastKnownFileType = text.plist.xml; path = Info.plist; sourceTree = "<group>"; };
		54F45E3523F9111B002981C8 /* QuestionDidsplay.xib */ = {isa = PBXFileReference; lastKnownFileType = file.xib; path = QuestionDidsplay.xib; sourceTree = "<group>"; };
		54F45E3723F917C5002981C8 /* MarkDownInput.xib */ = {isa = PBXFileReference; lastKnownFileType = file.xib; path = MarkDownInput.xib; sourceTree = "<group>"; };
		54F45E3A23F918E6002981C8 /* QuestionDidsplay.swift */ = {isa = PBXFileReference; lastKnownFileType = sourcecode.swift; path = QuestionDidsplay.swift; sourceTree = "<group>"; };
		54F45E3C23F918F5002981C8 /* MarkDownInput.swift */ = {isa = PBXFileReference; lastKnownFileType = sourcecode.swift; path = MarkDownInput.swift; sourceTree = "<group>"; };
		54F45E4523F91ABB002981C8 /* QuestionStruct.swift */ = {isa = PBXFileReference; lastKnownFileType = sourcecode.swift; path = QuestionStruct.swift; sourceTree = "<group>"; };
		54F45E4723F9437F002981C8 /* MarkDownInput.storyboard */ = {isa = PBXFileReference; lastKnownFileType = file.storyboard; path = MarkDownInput.storyboard; sourceTree = "<group>"; };
		54F45E4923F944DB002981C8 /* QuestionPage.storyboard */ = {isa = PBXFileReference; lastKnownFileType = file.storyboard; path = QuestionPage.storyboard; sourceTree = "<group>"; };
		54F45E5023FAA177002981C8 /* MarkDownInputViewController.swift */ = {isa = PBXFileReference; lastKnownFileType = sourcecode.swift; path = MarkDownInputViewController.swift; sourceTree = "<group>"; };
		54F45E5223FAA263002981C8 /* MarkDownInputPresenter.swift */ = {isa = PBXFileReference; lastKnownFileType = sourcecode.swift; path = MarkDownInputPresenter.swift; sourceTree = "<group>"; };
		54F4854823FF781900D7962C /* R.generated.swift */ = {isa = PBXFileReference; fileEncoding = 4; lastKnownFileType = sourcecode.swift; path = R.generated.swift; sourceTree = "<group>"; };
		54FF62C32400D68F0009B721 /* FirestoreProtocolExtension.swift */ = {isa = PBXFileReference; lastKnownFileType = sourcecode.swift; name = FirestoreProtocolExtension.swift; path = MapConvertQuestion/FirestoreProtocolExtension.swift; sourceTree = SOURCE_ROOT; };
		54FF62C52400E1640009B721 /* MindNodeModel.swift */ = {isa = PBXFileReference; lastKnownFileType = sourcecode.swift; path = MindNodeModel.swift; sourceTree = "<group>"; };
		681C20796729C91AF6E5D505 /* Pods-MapConvertQuestion.debug.xcconfig */ = {isa = PBXFileReference; includeInIndex = 1; lastKnownFileType = text.xcconfig; name = "Pods-MapConvertQuestion.debug.xcconfig"; path = "Target Support Files/Pods-MapConvertQuestion/Pods-MapConvertQuestion.debug.xcconfig"; sourceTree = "<group>"; };
		849D1477E77B3F5C13DCCE54 /* Pods_MapConvertQuestion.framework */ = {isa = PBXFileReference; explicitFileType = wrapper.framework; includeInIndex = 0; path = Pods_MapConvertQuestion.framework; sourceTree = BUILT_PRODUCTS_DIR; };
		FA1819D63622595338B01A75 /* Pods-MapConvertQuestion.release.xcconfig */ = {isa = PBXFileReference; includeInIndex = 1; lastKnownFileType = text.xcconfig; name = "Pods-MapConvertQuestion.release.xcconfig"; path = "Target Support Files/Pods-MapConvertQuestion/Pods-MapConvertQuestion.release.xcconfig"; sourceTree = "<group>"; };
/* End PBXFileReference section */

/* Begin PBXFrameworksBuildPhase section */
		54F45E1923F90AB5002981C8 /* Frameworks */ = {
			isa = PBXFrameworksBuildPhase;
			buildActionMask = 2147483647;
			files = (
				1EC269601B1577FE15F7310F /* Pods_MapConvertQuestion.framework in Frameworks */,
			);
			runOnlyForDeploymentPostprocessing = 0;
		};
/* End PBXFrameworksBuildPhase section */

/* Begin PBXGroup section */
		2825A71CC2EB6045A57B50C6 /* Pods */ = {
			isa = PBXGroup;
			children = (
				681C20796729C91AF6E5D505 /* Pods-MapConvertQuestion.debug.xcconfig */,
				FA1819D63622595338B01A75 /* Pods-MapConvertQuestion.release.xcconfig */,
			);
			path = Pods;
			sourceTree = "<group>";
		};
		54F45E1323F90AB5002981C8 = {
			isa = PBXGroup;
			children = (
				54F4854823FF781900D7962C /* R.generated.swift */,
				54F45E1E23F90AB5002981C8 /* MapConvertQuestion */,
				54F45E1D23F90AB5002981C8 /* Products */,
				2825A71CC2EB6045A57B50C6 /* Pods */,
				5AA1A28FFD51396E46A767E6 /* Frameworks */,
			);
			sourceTree = "<group>";
		};
		54F45E1D23F90AB5002981C8 /* Products */ = {
			isa = PBXGroup;
			children = (
				54F45E1C23F90AB5002981C8 /* MapConvertQuestion.app */,
			);
			name = Products;
			sourceTree = "<group>";
		};
		54F45E1E23F90AB5002981C8 /* MapConvertQuestion */ = {
			isa = PBXGroup;
			children = (
				54F45E4423F91A96002981C8 /* ExtensionProtocol */,
				54F45E4323F91A8B002981C8 /* ExtensionUIKit */,
				54F45E4223F91A82002981C8 /* LetGroup */,
				54F45E3E23F91991002981C8 /* Model */,
				54F45E3F23F9199C002981C8 /* Presenter */,
				54F45E3323F910F1002981C8 /* View */,
				54F45E3923F918C6002981C8 /* CustomView */,
				54F45E3423F91104002981C8 /* XibFile */,
				54F45E1F23F90AB5002981C8 /* AppDelegate.swift */,
				54F45E2123F90AB5002981C8 /* SceneDelegate.swift */,
				54F45E2323F90AB5002981C8 /* ViewController.swift */,
				54F45E2523F90AB5002981C8 /* Main.storyboard */,
				54F45E2823F90AC3002981C8 /* Assets.xcassets */,
				54F45E2A23F90AC3002981C8 /* LaunchScreen.storyboard */,
				54F45E2D23F90AC3002981C8 /* Info.plist */,
			);
			path = MapConvertQuestion;
			sourceTree = "<group>";
		};
		54F45E3323F910F1002981C8 /* View */ = {
			isa = PBXGroup;
			children = (
				54F45E4723F9437F002981C8 /* MarkDownInput.storyboard */,
				54F45E4923F944DB002981C8 /* QuestionPage.storyboard */,
				54F45E5023FAA177002981C8 /* MarkDownInputViewController.swift */,
				54BFEE382400F7E400B55A8C /* QuestionPageViewController.swift */,
				5404BD02240A62F100B3C6EC /* QuestionMapSelectPageTableViewController.swift */,
				542F3FA9240FAFEC00D92561 /* ToDoQuestionPage.storyboard */,
				542F3FAB240FB1C300D92561 /* ToDoQuestionPageViewController.swift */,
			);
			path = View;
			sourceTree = "<group>";
		};
		54F45E3423F91104002981C8 /* XibFile */ = {
			isa = PBXGroup;
			children = (
				542F3FAD240FB32500D92561 /* ToDoQuestionDisplay.xib */,
				5404BD05240B538600B3C6EC /* SelectQuestionMapPageTableViewCell.xib */,
				54B466A62408B90700813800 /* QuestionAnswerTableViewCell.xib */,
				54F45E3523F9111B002981C8 /* QuestionDidsplay.xib */,
				54F45E3723F917C5002981C8 /* MarkDownInput.xib */,
			);
			path = XibFile;
			sourceTree = "<group>";
		};
		54F45E3923F918C6002981C8 /* CustomView */ = {
			isa = PBXGroup;
			children = (
				542F3FAF240FB3E100D92561 /* ToDoQuestionDisplay.swift */,
				5404BD04240B538600B3C6EC /* SelectQuestionMapPageTableViewCell.swift */,
				54F45E3A23F918E6002981C8 /* QuestionDidsplay.swift */,
				54F45E3C23F918F5002981C8 /* MarkDownInput.swift */,
				54B466A52408B90700813800 /* QuestionAnswerTableViewCell.swift */,
			);
			path = CustomView;
			sourceTree = "<group>";
		};
		54F45E3E23F91991002981C8 /* Model */ = {
			isa = PBXGroup;
			children = (
				54F45E4523F91ABB002981C8 /* QuestionStruct.swift */,
				54EE8B0D23FE337300CF342F /* MarkDownInputModel.swift */,
				54FF62C52400E1640009B721 /* MindNodeModel.swift */,
				54BFEE362400F61100B55A8C /* QuestionModel.swift */,
				54BFEE3A2402701000B55A8C /* RealmMindNodeModel.swift */,
				543E7FE6240E987D0073C7FF /* LearningIntervalStruct.swift */,
				542F3FB3240FB58900D92561 /* ToDoQuestionModel.swift */,
			);
			path = Model;
			sourceTree = "<group>";
		};
		54F45E3F23F9199C002981C8 /* Presenter */ = {
			isa = PBXGroup;
			children = (
				54F45E5223FAA263002981C8 /* MarkDownInputPresenter.swift */,
				54BFEE342400F58800B55A8C /* QuestionPagePresenter.swift */,
				542F3FB1240FB54D00D92561 /* ToDoQuestionPresenter.swift */,
			);
			path = Presenter;
			sourceTree = "<group>";
		};
		54F45E4223F91A82002981C8 /* LetGroup */ = {
			isa = PBXGroup;
			children = (
				54769733240E08B1004E8C63 /* IntervalEnum.swift */,
				5433AE552414AF60009877A1 /* MyColor.swift */,
			);
			path = LetGroup;
			sourceTree = "<group>";
		};
		54F45E4323F91A8B002981C8 /* ExtensionUIKit */ = {
			isa = PBXGroup;
			children = (
				54B466A92408BA3C00813800 /* ObjectExtension.swift */,
			);
			path = ExtensionUIKit;
			sourceTree = "<group>";
		};
		54F45E4423F91A96002981C8 /* ExtensionProtocol */ = {
			isa = PBXGroup;
			children = (
				54FF62C32400D68F0009B721 /* FirestoreProtocolExtension.swift */,
			);
			path = ExtensionProtocol;
			sourceTree = "<group>";
		};
		5AA1A28FFD51396E46A767E6 /* Frameworks */ = {
			isa = PBXGroup;
			children = (
				849D1477E77B3F5C13DCCE54 /* Pods_MapConvertQuestion.framework */,
			);
			name = Frameworks;
			sourceTree = "<group>";
		};
/* End PBXGroup section */

/* Begin PBXNativeTarget section */
		54F45E1B23F90AB5002981C8 /* MapConvertQuestion */ = {
			isa = PBXNativeTarget;
			buildConfigurationList = 54F45E3023F90AC3002981C8 /* Build configuration list for PBXNativeTarget "MapConvertQuestion" */;
			buildPhases = (
				74A2FAE9451E1D6DB649C34B /* [CP] Check Pods Manifest.lock */,
				54F4854723FF769A00D7962C /* Run Script */,
				54F45E1823F90AB5002981C8 /* Sources */,
				54F45E1923F90AB5002981C8 /* Frameworks */,
				54F45E1A23F90AB5002981C8 /* Resources */,
				9A7AD2FDD15132DDD670973B /* [CP] Embed Pods Frameworks */,
			);
			buildRules = (
			);
			dependencies = (
			);
			name = MapConvertQuestion;
			productName = MapConvertQuestion;
			productReference = 54F45E1C23F90AB5002981C8 /* MapConvertQuestion.app */;
			productType = "com.apple.product-type.application";
		};
/* End PBXNativeTarget section */

/* Begin PBXProject section */
		54F45E1423F90AB5002981C8 /* Project object */ = {
			isa = PBXProject;
			attributes = {
				LastSwiftUpdateCheck = 1120;
				LastUpgradeCheck = 1120;
				ORGANIZATIONNAME = ryogo.niwa;
				TargetAttributes = {
					54F45E1B23F90AB5002981C8 = {
						CreatedOnToolsVersion = 11.2;
					};
				};
			};
			buildConfigurationList = 54F45E1723F90AB5002981C8 /* Build configuration list for PBXProject "MapConvertQuestion" */;
			compatibilityVersion = "Xcode 9.3";
			developmentRegion = en;
			hasScannedForEncodings = 0;
			knownRegions = (
				en,
				Base,
			);
			mainGroup = 54F45E1323F90AB5002981C8;
			productRefGroup = 54F45E1D23F90AB5002981C8 /* Products */;
			projectDirPath = "";
			projectRoot = "";
			targets = (
				54F45E1B23F90AB5002981C8 /* MapConvertQuestion */,
			);
		};
/* End PBXProject section */

/* Begin PBXResourcesBuildPhase section */
		54F45E1A23F90AB5002981C8 /* Resources */ = {
			isa = PBXResourcesBuildPhase;
			buildActionMask = 2147483647;
			files = (
				54F45E3823F917C5002981C8 /* MarkDownInput.xib in Resources */,
				54F45E2C23F90AC3002981C8 /* LaunchScreen.storyboard in Resources */,
				54F45E2923F90AC3002981C8 /* Assets.xcassets in Resources */,
				5404BD07240B538600B3C6EC /* SelectQuestionMapPageTableViewCell.xib in Resources */,
				54B466A82408B90700813800 /* QuestionAnswerTableViewCell.xib in Resources */,
				54F45E2723F90AB5002981C8 /* Main.storyboard in Resources */,
				54F45E4823F9437F002981C8 /* MarkDownInput.storyboard in Resources */,
				542F3FAA240FAFEC00D92561 /* ToDoQuestionPage.storyboard in Resources */,
				542F3FAE240FB32500D92561 /* ToDoQuestionDisplay.xib in Resources */,
				54F45E4A23F944DB002981C8 /* QuestionPage.storyboard in Resources */,
				54F45E3623F9111B002981C8 /* QuestionDidsplay.xib in Resources */,
			);
			runOnlyForDeploymentPostprocessing = 0;
		};
/* End PBXResourcesBuildPhase section */

/* Begin PBXShellScriptBuildPhase section */
		54F4854723FF769A00D7962C /* Run Script */ = {
			isa = PBXShellScriptBuildPhase;
			buildActionMask = 2147483647;
			files = (
			);
			inputFileListPaths = (
			);
			inputPaths = (
				"$TEMP_DIR/rswift-lastrun",
			);
			name = "Run Script";
			outputFileListPaths = (
			);
			outputPaths = (
				$SRCROOT/R.generated.swift,
			);
			runOnlyForDeploymentPostprocessing = 0;
			shellPath = /bin/sh;
			shellScript = "\"$PODS_ROOT/R.swift/rswift\" generate \"$SRCROOT/R.generated.swift\"\n";
		};
		74A2FAE9451E1D6DB649C34B /* [CP] Check Pods Manifest.lock */ = {
			isa = PBXShellScriptBuildPhase;
			buildActionMask = 2147483647;
			files = (
			);
			inputFileListPaths = (
			);
			inputPaths = (
				"${PODS_PODFILE_DIR_PATH}/Podfile.lock",
				"${PODS_ROOT}/Manifest.lock",
			);
			name = "[CP] Check Pods Manifest.lock";
			outputFileListPaths = (
			);
			outputPaths = (
				"$(DERIVED_FILE_DIR)/Pods-MapConvertQuestion-checkManifestLockResult.txt",
			);
			runOnlyForDeploymentPostprocessing = 0;
			shellPath = /bin/sh;
			shellScript = "diff \"${PODS_PODFILE_DIR_PATH}/Podfile.lock\" \"${PODS_ROOT}/Manifest.lock\" > /dev/null\nif [ $? != 0 ] ; then\n    # print error to STDERR\n    echo \"error: The sandbox is not in sync with the Podfile.lock. Run 'pod install' or update your CocoaPods installation.\" >&2\n    exit 1\nfi\n# This output is used by Xcode 'outputs' to avoid re-running this script phase.\necho \"SUCCESS\" > \"${SCRIPT_OUTPUT_FILE_0}\"\n";
			showEnvVarsInLog = 0;
		};
		9A7AD2FDD15132DDD670973B /* [CP] Embed Pods Frameworks */ = {
			isa = PBXShellScriptBuildPhase;
			buildActionMask = 2147483647;
			files = (
			);
			inputFileListPaths = (
				"${PODS_ROOT}/Target Support Files/Pods-MapConvertQuestion/Pods-MapConvertQuestion-frameworks-${CONFIGURATION}-input-files.xcfilelist",
			);
			name = "[CP] Embed Pods Frameworks";
			outputFileListPaths = (
				"${PODS_ROOT}/Target Support Files/Pods-MapConvertQuestion/Pods-MapConvertQuestion-frameworks-${CONFIGURATION}-output-files.xcfilelist",
			);
			runOnlyForDeploymentPostprocessing = 0;
			shellPath = /bin/sh;
			shellScript = "\"${PODS_ROOT}/Target Support Files/Pods-MapConvertQuestion/Pods-MapConvertQuestion-frameworks.sh\"\n";
			showEnvVarsInLog = 0;
		};
/* End PBXShellScriptBuildPhase section */

/* Begin PBXSourcesBuildPhase section */
		54F45E1823F90AB5002981C8 /* Sources */ = {
			isa = PBXSourcesBuildPhase;
			buildActionMask = 2147483647;
			files = (
				54F45E5123FAA177002981C8 /* MarkDownInputViewController.swift in Sources */,
				5404BD06240B538600B3C6EC /* SelectQuestionMapPageTableViewCell.swift in Sources */,
				5433AE562414AF60009877A1 /* MyColor.swift in Sources */,
				54F45E2423F90AB5002981C8 /* ViewController.swift in Sources */,
				543E7FE7240E987D0073C7FF /* LearningIntervalStruct.swift in Sources */,
				54B466AA2408BA3C00813800 /* ObjectExtension.swift in Sources */,
				5404BD03240A62F100B3C6EC /* QuestionMapSelectPageTableViewController.swift in Sources */,
				542F3FB2240FB54D00D92561 /* ToDoQuestionPresenter.swift in Sources */,
				54F45E5323FAA263002981C8 /* MarkDownInputPresenter.swift in Sources */,
				54BFEE3B2402701000B55A8C /* RealmMindNodeModel.swift in Sources */,
				54BFEE392400F7E400B55A8C /* QuestionPageViewController.swift in Sources */,
				54F45E2023F90AB5002981C8 /* AppDelegate.swift in Sources */,
				54F45E2223F90AB5002981C8 /* SceneDelegate.swift in Sources */,
				54BFEE352400F58800B55A8C /* QuestionPagePresenter.swift in Sources */,
				54F45E4623F91ABC002981C8 /* QuestionStruct.swift in Sources */,
				54BFEE372400F61100B55A8C /* QuestionModel.swift in Sources */,
				54EE8B0E23FE337300CF342F /* MarkDownInputModel.swift in Sources */,
				54B466A72408B90700813800 /* QuestionAnswerTableViewCell.swift in Sources */,
				542F3FB0240FB3E100D92561 /* ToDoQuestionDisplay.swift in Sources */,
				54FF62C42400D68F0009B721 /* FirestoreProtocolExtension.swift in Sources */,
				54769734240E08B1004E8C63 /* IntervalEnum.swift in Sources */,
				542F3FAC240FB1C300D92561 /* ToDoQuestionPageViewController.swift in Sources */,
				54F4854923FF781900D7962C /* R.generated.swift in Sources */,
				54FF62C62400E1640009B721 /* MindNodeModel.swift in Sources */,
				542F3FB4240FB58900D92561 /* ToDoQuestionModel.swift in Sources */,
				54F45E3B23F918E6002981C8 /* QuestionDidsplay.swift in Sources */,
				54F45E3D23F918F5002981C8 /* MarkDownInput.swift in Sources */,
			);
			runOnlyForDeploymentPostprocessing = 0;
		};
/* End PBXSourcesBuildPhase section */

/* Begin PBXVariantGroup section */
		54F45E2523F90AB5002981C8 /* Main.storyboard */ = {
			isa = PBXVariantGroup;
			children = (
				54F45E2623F90AB5002981C8 /* Base */,
			);
			name = Main.storyboard;
			sourceTree = "<group>";
		};
		54F45E2A23F90AC3002981C8 /* LaunchScreen.storyboard */ = {
			isa = PBXVariantGroup;
			children = (
				54F45E2B23F90AC3002981C8 /* Base */,
			);
			name = LaunchScreen.storyboard;
			sourceTree = "<group>";
		};
/* End PBXVariantGroup section */

/* Begin XCBuildConfiguration section */
		54F45E2E23F90AC3002981C8 /* Debug */ = {
			isa = XCBuildConfiguration;
			buildSettings = {
				ALWAYS_SEARCH_USER_PATHS = NO;
				CLANG_ANALYZER_NONNULL = YES;
				CLANG_ANALYZER_NUMBER_OBJECT_CONVERSION = YES_AGGRESSIVE;
				CLANG_CXX_LANGUAGE_STANDARD = "gnu++14";
				CLANG_CXX_LIBRARY = "libc++";
				CLANG_ENABLE_MODULES = YES;
				CLANG_ENABLE_OBJC_ARC = YES;
				CLANG_ENABLE_OBJC_WEAK = YES;
				CLANG_WARN_BLOCK_CAPTURE_AUTORELEASING = YES;
				CLANG_WARN_BOOL_CONVERSION = YES;
				CLANG_WARN_COMMA = YES;
				CLANG_WARN_CONSTANT_CONVERSION = YES;
				CLANG_WARN_DEPRECATED_OBJC_IMPLEMENTATIONS = YES;
				CLANG_WARN_DIRECT_OBJC_ISA_USAGE = YES_ERROR;
				CLANG_WARN_DOCUMENTATION_COMMENTS = YES;
				CLANG_WARN_EMPTY_BODY = YES;
				CLANG_WARN_ENUM_CONVERSION = YES;
				CLANG_WARN_INFINITE_RECURSION = YES;
				CLANG_WARN_INT_CONVERSION = YES;
				CLANG_WARN_NON_LITERAL_NULL_CONVERSION = YES;
				CLANG_WARN_OBJC_IMPLICIT_RETAIN_SELF = YES;
				CLANG_WARN_OBJC_LITERAL_CONVERSION = YES;
				CLANG_WARN_OBJC_ROOT_CLASS = YES_ERROR;
				CLANG_WARN_RANGE_LOOP_ANALYSIS = YES;
				CLANG_WARN_STRICT_PROTOTYPES = YES;
				CLANG_WARN_SUSPICIOUS_MOVE = YES;
				CLANG_WARN_UNGUARDED_AVAILABILITY = YES_AGGRESSIVE;
				CLANG_WARN_UNREACHABLE_CODE = YES;
				CLANG_WARN__DUPLICATE_METHOD_MATCH = YES;
				COPY_PHASE_STRIP = NO;
				DEBUG_INFORMATION_FORMAT = dwarf;
				ENABLE_STRICT_OBJC_MSGSEND = YES;
				ENABLE_TESTABILITY = YES;
				GCC_C_LANGUAGE_STANDARD = gnu11;
				GCC_DYNAMIC_NO_PIC = NO;
				GCC_NO_COMMON_BLOCKS = YES;
				GCC_OPTIMIZATION_LEVEL = 0;
				GCC_PREPROCESSOR_DEFINITIONS = (
					"DEBUG=1",
					"$(inherited)",
				);
				GCC_WARN_64_TO_32_BIT_CONVERSION = YES;
				GCC_WARN_ABOUT_RETURN_TYPE = YES_ERROR;
				GCC_WARN_UNDECLARED_SELECTOR = YES;
				GCC_WARN_UNINITIALIZED_AUTOS = YES_AGGRESSIVE;
				GCC_WARN_UNUSED_FUNCTION = YES;
				GCC_WARN_UNUSED_VARIABLE = YES;
				IPHONEOS_DEPLOYMENT_TARGET = 12.2;
				MTL_ENABLE_DEBUG_INFO = INCLUDE_SOURCE;
				MTL_FAST_MATH = YES;
				ONLY_ACTIVE_ARCH = YES;
				SDKROOT = iphoneos;
				SWIFT_ACTIVE_COMPILATION_CONDITIONS = DEBUG;
				SWIFT_OPTIMIZATION_LEVEL = "-Onone";
			};
			name = Debug;
		};
		54F45E2F23F90AC3002981C8 /* Release */ = {
			isa = XCBuildConfiguration;
			buildSettings = {
				ALWAYS_SEARCH_USER_PATHS = NO;
				CLANG_ANALYZER_NONNULL = YES;
				CLANG_ANALYZER_NUMBER_OBJECT_CONVERSION = YES_AGGRESSIVE;
				CLANG_CXX_LANGUAGE_STANDARD = "gnu++14";
				CLANG_CXX_LIBRARY = "libc++";
				CLANG_ENABLE_MODULES = YES;
				CLANG_ENABLE_OBJC_ARC = YES;
				CLANG_ENABLE_OBJC_WEAK = YES;
				CLANG_WARN_BLOCK_CAPTURE_AUTORELEASING = YES;
				CLANG_WARN_BOOL_CONVERSION = YES;
				CLANG_WARN_COMMA = YES;
				CLANG_WARN_CONSTANT_CONVERSION = YES;
				CLANG_WARN_DEPRECATED_OBJC_IMPLEMENTATIONS = YES;
				CLANG_WARN_DIRECT_OBJC_ISA_USAGE = YES_ERROR;
				CLANG_WARN_DOCUMENTATION_COMMENTS = YES;
				CLANG_WARN_EMPTY_BODY = YES;
				CLANG_WARN_ENUM_CONVERSION = YES;
				CLANG_WARN_INFINITE_RECURSION = YES;
				CLANG_WARN_INT_CONVERSION = YES;
				CLANG_WARN_NON_LITERAL_NULL_CONVERSION = YES;
				CLANG_WARN_OBJC_IMPLICIT_RETAIN_SELF = YES;
				CLANG_WARN_OBJC_LITERAL_CONVERSION = YES;
				CLANG_WARN_OBJC_ROOT_CLASS = YES_ERROR;
				CLANG_WARN_RANGE_LOOP_ANALYSIS = YES;
				CLANG_WARN_STRICT_PROTOTYPES = YES;
				CLANG_WARN_SUSPICIOUS_MOVE = YES;
				CLANG_WARN_UNGUARDED_AVAILABILITY = YES_AGGRESSIVE;
				CLANG_WARN_UNREACHABLE_CODE = YES;
				CLANG_WARN__DUPLICATE_METHOD_MATCH = YES;
				COPY_PHASE_STRIP = NO;
				DEBUG_INFORMATION_FORMAT = "dwarf-with-dsym";
				ENABLE_NS_ASSERTIONS = NO;
				ENABLE_STRICT_OBJC_MSGSEND = YES;
				GCC_C_LANGUAGE_STANDARD = gnu11;
				GCC_NO_COMMON_BLOCKS = YES;
				GCC_WARN_64_TO_32_BIT_CONVERSION = YES;
				GCC_WARN_ABOUT_RETURN_TYPE = YES_ERROR;
				GCC_WARN_UNDECLARED_SELECTOR = YES;
				GCC_WARN_UNINITIALIZED_AUTOS = YES_AGGRESSIVE;
				GCC_WARN_UNUSED_FUNCTION = YES;
				GCC_WARN_UNUSED_VARIABLE = YES;
				IPHONEOS_DEPLOYMENT_TARGET = 12.2;
				MTL_ENABLE_DEBUG_INFO = NO;
				MTL_FAST_MATH = YES;
				SDKROOT = iphoneos;
				SWIFT_COMPILATION_MODE = wholemodule;
				SWIFT_OPTIMIZATION_LEVEL = "-O";
				VALIDATE_PRODUCT = YES;
			};
			name = Release;
		};
		54F45E3123F90AC3002981C8 /* Debug */ = {
			isa = XCBuildConfiguration;
			baseConfigurationReference = 681C20796729C91AF6E5D505 /* Pods-MapConvertQuestion.debug.xcconfig */;
			buildSettings = {
				ASSETCATALOG_COMPILER_APPICON_NAME = AppIcon;
				CODE_SIGN_STYLE = Automatic;
				DEVELOPMENT_TEAM = 59F2M7UA57;
				INFOPLIST_FILE = MapConvertQuestion/Info.plist;
				LD_RUNPATH_SEARCH_PATHS = (
					"$(inherited)",
					"@executable_path/Frameworks",
				);
				PRODUCT_BUNDLE_IDENTIFIER = jp.techacademy.ryogo.niwa.MapConvertQuestion;
				PRODUCT_NAME = "$(TARGET_NAME)";
				SWIFT_VERSION = 5.0;
				TARGETED_DEVICE_FAMILY = "1,2";
			};
			name = Debug;
		};
		54F45E3223F90AC3002981C8 /* Release */ = {
			isa = XCBuildConfiguration;
			baseConfigurationReference = FA1819D63622595338B01A75 /* Pods-MapConvertQuestion.release.xcconfig */;
			buildSettings = {
				ASSETCATALOG_COMPILER_APPICON_NAME = AppIcon;
				CODE_SIGN_STYLE = Automatic;
				DEVELOPMENT_TEAM = 59F2M7UA57;
				INFOPLIST_FILE = MapConvertQuestion/Info.plist;
				LD_RUNPATH_SEARCH_PATHS = (
					"$(inherited)",
					"@executable_path/Frameworks",
				);
				PRODUCT_BUNDLE_IDENTIFIER = jp.techacademy.ryogo.niwa.MapConvertQuestion;
				PRODUCT_NAME = "$(TARGET_NAME)";
				SWIFT_VERSION = 5.0;
				TARGETED_DEVICE_FAMILY = "1,2";
			};
			name = Release;
		};
/* End XCBuildConfiguration section */

/* Begin XCConfigurationList section */
		54F45E1723F90AB5002981C8 /* Build configuration list for PBXProject "MapConvertQuestion" */ = {
			isa = XCConfigurationList;
			buildConfigurations = (
				54F45E2E23F90AC3002981C8 /* Debug */,
				54F45E2F23F90AC3002981C8 /* Release */,
			);
			defaultConfigurationIsVisible = 0;
			defaultConfigurationName = Release;
		};
		54F45E3023F90AC3002981C8 /* Build configuration list for PBXNativeTarget "MapConvertQuestion" */ = {
			isa = XCConfigurationList;
			buildConfigurations = (
				54F45E3123F90AC3002981C8 /* Debug */,
				54F45E3223F90AC3002981C8 /* Release */,
			);
			defaultConfigurationIsVisible = 0;
			defaultConfigurationName = Release;
		};
/* End XCConfigurationList section */
	};
	rootObject = 54F45E1423F90AB5002981C8 /* Project object */;
}
