// !$*UTF8*$!
{
	archiveVersion = 1;
	classes = {
	};
	objectVersion = 50;
	objects = {

/* Begin PBXBuildFile section */
		54F45E2023F90AB5002981C8 /* AppDelegate.swift in Sources */ = {isa = PBXBuildFile; fileRef = 54F45E1F23F90AB5002981C8 /* AppDelegate.swift */; };
		54F45E2223F90AB5002981C8 /* SceneDelegate.swift in Sources */ = {isa = PBXBuildFile; fileRef = 54F45E2123F90AB5002981C8 /* SceneDelegate.swift */; };
		54F45E2423F90AB5002981C8 /* ViewController.swift in Sources */ = {isa = PBXBuildFile; fileRef = 54F45E2323F90AB5002981C8 /* ViewController.swift */; };
		54F45E2723F90AB5002981C8 /* Main.storyboard in Resources */ = {isa = PBXBuildFile; fileRef = 54F45E2523F90AB5002981C8 /* Main.storyboard */; };
		54F45E2923F90AC3002981C8 /* Assets.xcassets in Resources */ = {isa = PBXBuildFile; fileRef = 54F45E2823F90AC3002981C8 /* Assets.xcassets */; };
		54F45E2C23F90AC3002981C8 /* LaunchScreen.storyboard in Resources */ = {isa = PBXBuildFile; fileRef = 54F45E2A23F90AC3002981C8 /* LaunchScreen.storyboard */; };
		54F45E3623F9111B002981C8 /* QuestionDidsplay.xib in Resources */ = {isa = PBXBuildFile; fileRef = 54F45E3523F9111B002981C8 /* QuestionDidsplay.xib */; };
		54F45E3823F917C5002981C8 /* MarkDownInput.xib in Resources */ = {isa = PBXBuildFile; fileRef = 54F45E3723F917C5002981C8 /* MarkDownInput.xib */; };
		54F45E3B23F918E6002981C8 /* QuestionDidsplay.swift in Sources */ = {isa = PBXBuildFile; fileRef = 54F45E3A23F918E6002981C8 /* QuestionDidsplay.swift */; };
		54F45E3D23F918F5002981C8 /* MarkDownInput.swift in Sources */ = {isa = PBXBuildFile; fileRef = 54F45E3C23F918F5002981C8 /* MarkDownInput.swift */; };
		54F45E4623F91ABC002981C8 /* QuestionModel.swift in Sources */ = {isa = PBXBuildFile; fileRef = 54F45E4523F91ABB002981C8 /* QuestionModel.swift */; };
		54F45E4823F9437F002981C8 /* MarkDownInput.storyboard in Resources */ = {isa = PBXBuildFile; fileRef = 54F45E4723F9437F002981C8 /* MarkDownInput.storyboard */; };
		54F45E4A23F944DB002981C8 /* QuestionPage.storyboard in Resources */ = {isa = PBXBuildFile; fileRef = 54F45E4923F944DB002981C8 /* QuestionPage.storyboard */; };
/* End PBXBuildFile section */

/* Begin PBXFileReference section */
		54F45E1C23F90AB5002981C8 /* MapConvertQuestion.app */ = {isa = PBXFileReference; explicitFileType = wrapper.application; includeInIndex = 0; path = MapConvertQuestion.app; sourceTree = BUILT_PRODUCTS_DIR; };
		54F45E1F23F90AB5002981C8 /* AppDelegate.swift */ = {isa = PBXFileReference; lastKnownFileType = sourcecode.swift; path = AppDelegate.swift; sourceTree = "<group>"; };
		54F45E2123F90AB5002981C8 /* SceneDelegate.swift */ = {isa = PBXFileReference; lastKnownFileType = sourcecode.swift; path = SceneDelegate.swift; sourceTree = "<group>"; };
		54F45E2323F90AB5002981C8 /* ViewController.swift */ = {isa = PBXFileReference; lastKnownFileType = sourcecode.swift; path = ViewController.swift; sourceTree = "<group>"; };
		54F45E2623F90AB5002981C8 /* Base */ = {isa = PBXFileReference; lastKnownFileType = file.storyboard; name = Base; path = Base.lproj/Main.storyboard; sourceTree = "<group>"; };
		54F45E2823F90AC3002981C8 /* Assets.xcassets */ = {isa = PBXFileReference; lastKnownFileType = folder.assetcatalog; path = Assets.xcassets; sourceTree = "<group>"; };
		54F45E2B23F90AC3002981C8 /* Base */ = {isa = PBXFileReference; lastKnownFileType = file.storyboard; name = Base; path = Base.lproj/LaunchScreen.storyboard; sourceTree = "<group>"; };
		54F45E2D23F90AC3002981C8 /* Info.plist */ = {isa = PBXFileReference; lastKnownFileType = text.plist.xml; path = Info.plist; sourceTree = "<group>"; };
		54F45E3523F9111B002981C8 /* QuestionDidsplay.xib */ = {isa = PBXFileReference; lastKnownFileType = file.xib; path = QuestionDidsplay.xib; sourceTree = "<group>"; };
		54F45E3723F917C5002981C8 /* MarkDownInput.xib */ = {isa = PBXFileReference; lastKnownFileType = file.xib; path = MarkDownInput.xib; sourceTree = "<group>"; };
		54F45E3A23F918E6002981C8 /* QuestionDidsplay.swift */ = {isa = PBXFileReference; lastKnownFileType = sourcecode.swift; path = QuestionDidsplay.swift; sourceTree = "<group>"; };
		54F45E3C23F918F5002981C8 /* MarkDownInput.swift */ = {isa = PBXFileReference; lastKnownFileType = sourcecode.swift; path = MarkDownInput.swift; sourceTree = "<group>"; };
		54F45E4523F91ABB002981C8 /* QuestionModel.swift */ = {isa = PBXFileReference; lastKnownFileType = sourcecode.swift; path = QuestionModel.swift; sourceTree = "<group>"; };
		54F45E4723F9437F002981C8 /* MarkDownInput.storyboard */ = {isa = PBXFileReference; lastKnownFileType = file.storyboard; path = MarkDownInput.storyboard; sourceTree = "<group>"; };
		54F45E4923F944DB002981C8 /* QuestionPage.storyboard */ = {isa = PBXFileReference; lastKnownFileType = file.storyboard; path = QuestionPage.storyboard; sourceTree = "<group>"; };
/* End PBXFileReference section */

/* Begin PBXFrameworksBuildPhase section */
		54F45E1923F90AB5002981C8 /* Frameworks */ = {
			isa = PBXFrameworksBuildPhase;
			buildActionMask = 2147483647;
			files = (
			);
			runOnlyForDeploymentPostprocessing = 0;
		};
/* End PBXFrameworksBuildPhase section */

/* Begin PBXGroup section */
		54F45E1323F90AB5002981C8 = {
			isa = PBXGroup;
			children = (
				54F45E1E23F90AB5002981C8 /* MapConvertQuestion */,
				54F45E1D23F90AB5002981C8 /* Products */,
			);
			sourceTree = "<group>";
		};
		54F45E1D23F90AB5002981C8 /* Products */ = {
			isa = PBXGroup;
			children = (
				54F45E1C23F90AB5002981C8 /* MapConvertQuestion.app */,
			);
			name = Products;
			sourceTree = "<group>";
		};
		54F45E1E23F90AB5002981C8 /* MapConvertQuestion */ = {
			isa = PBXGroup;
			children = (
				54F45E4423F91A96002981C8 /* ExtensionProtocol */,
				54F45E4323F91A8B002981C8 /* ExtensionUIKit */,
				54F45E4223F91A82002981C8 /* LetGroup */,
				54F45E3E23F91991002981C8 /* Model */,
				54F45E3323F910F1002981C8 /* View */,
				54F45E3F23F9199C002981C8 /* Presenter */,
				54F45E3923F918C6002981C8 /* CustomView */,
				54F45E3423F91104002981C8 /* XibFile */,
				54F45E1F23F90AB5002981C8 /* AppDelegate.swift */,
				54F45E2123F90AB5002981C8 /* SceneDelegate.swift */,
				54F45E2323F90AB5002981C8 /* ViewController.swift */,
				54F45E2523F90AB5002981C8 /* Main.storyboard */,
				54F45E2823F90AC3002981C8 /* Assets.xcassets */,
				54F45E2A23F90AC3002981C8 /* LaunchScreen.storyboard */,
				54F45E2D23F90AC3002981C8 /* Info.plist */,
			);
			path = MapConvertQuestion;
			sourceTree = "<group>";
		};
		54F45E3323F910F1002981C8 /* View */ = {
			isa = PBXGroup;
			children = (
				54F45E4723F9437F002981C8 /* MarkDownInput.storyboard */,
				54F45E4923F944DB002981C8 /* QuestionPage.storyboard */,
			);
			path = View;
			sourceTree = "<group>";
		};
		54F45E3423F91104002981C8 /* XibFile */ = {
			isa = PBXGroup;
			children = (
				54F45E3523F9111B002981C8 /* QuestionDidsplay.xib */,
				54F45E3723F917C5002981C8 /* MarkDownInput.xib */,
			);
			path = XibFile;
			sourceTree = "<group>";
		};
		54F45E3923F918C6002981C8 /* CustomView */ = {
			isa = PBXGroup;
			children = (
				54F45E3A23F918E6002981C8 /* QuestionDidsplay.swift */,
				54F45E3C23F918F5002981C8 /* MarkDownInput.swift */,
			);
			path = CustomView;
			sourceTree = "<group>";
		};
		54F45E3E23F91991002981C8 /* Model */ = {
			isa = PBXGroup;
			children = (
				54F45E4523F91ABB002981C8 /* QuestionModel.swift */,
			);
			path = Model;
			sourceTree = "<group>";
		};
		54F45E3F23F9199C002981C8 /* Presenter */ = {
			isa = PBXGroup;
			children = (
			);
			path = Presenter;
			sourceTree = "<group>";
		};
		54F45E4223F91A82002981C8 /* LetGroup */ = {
			isa = PBXGroup;
			children = (
			);
			path = LetGroup;
			sourceTree = "<group>";
		};
		54F45E4323F91A8B002981C8 /* ExtensionUIKit */ = {
			isa = PBXGroup;
			children = (
			);
			path = ExtensionUIKit;
			sourceTree = "<group>";
		};
		54F45E4423F91A96002981C8 /* ExtensionProtocol */ = {
			isa = PBXGroup;
			children = (
			);
			path = ExtensionProtocol;
			sourceTree = "<group>";
		};
/* End PBXGroup section */

/* Begin PBXNativeTarget section */
		54F45E1B23F90AB5002981C8 /* MapConvertQuestion */ = {
			isa = PBXNativeTarget;
			buildConfigurationList = 54F45E3023F90AC3002981C8 /* Build configuration list for PBXNativeTarget "MapConvertQuestion" */;
			buildPhases = (
				54F45E1823F90AB5002981C8 /* Sources */,
				54F45E1923F90AB5002981C8 /* Frameworks */,
				54F45E1A23F90AB5002981C8 /* Resources */,
			);
			buildRules = (
			);
			dependencies = (
			);
			name = MapConvertQuestion;
			productName = MapConvertQuestion;
			productReference = 54F45E1C23F90AB5002981C8 /* MapConvertQuestion.app */;
			productType = "com.apple.product-type.application";
		};
/* End PBXNativeTarget section */

/* Begin PBXProject section */
		54F45E1423F90AB5002981C8 /* Project object */ = {
			isa = PBXProject;
			attributes = {
				LastSwiftUpdateCheck = 1120;
				LastUpgradeCheck = 1120;
				ORGANIZATIONNAME = ryogo.niwa;
				TargetAttributes = {
					54F45E1B23F90AB5002981C8 = {
						CreatedOnToolsVersion = 11.2;
					};
				};
			};
			buildConfigurationList = 54F45E1723F90AB5002981C8 /* Build configuration list for PBXProject "MapConvertQuestion" */;
			compatibilityVersion = "Xcode 9.3";
			developmentRegion = en;
			hasScannedForEncodings = 0;
			knownRegions = (
				en,
				Base,
			);
			mainGroup = 54F45E1323F90AB5002981C8;
			productRefGroup = 54F45E1D23F90AB5002981C8 /* Products */;
			projectDirPath = "";
			projectRoot = "";
			targets = (
				54F45E1B23F90AB5002981C8 /* MapConvertQuestion */,
			);
		};
/* End PBXProject section */

/* Begin PBXResourcesBuildPhase section */
		54F45E1A23F90AB5002981C8 /* Resources */ = {
			isa = PBXResourcesBuildPhase;
			buildActionMask = 2147483647;
			files = (
				54F45E3823F917C5002981C8 /* MarkDownInput.xib in Resources */,
				54F45E2C23F90AC3002981C8 /* LaunchScreen.storyboard in Resources */,
				54F45E2923F90AC3002981C8 /* Assets.xcassets in Resources */,
				54F45E2723F90AB5002981C8 /* Main.storyboard in Resources */,
				54F45E4823F9437F002981C8 /* MarkDownInput.storyboard in Resources */,
				54F45E4A23F944DB002981C8 /* QuestionPage.storyboard in Resources */,
				54F45E3623F9111B002981C8 /* QuestionDidsplay.xib in Resources */,
			);
			runOnlyForDeploymentPostprocessing = 0;
		};
/* End PBXResourcesBuildPhase section */

/* Begin PBXSourcesBuildPhase section */
		54F45E1823F90AB5002981C8 /* Sources */ = {
			isa = PBXSourcesBuildPhase;
			buildActionMask = 2147483647;
			files = (
				54F45E2423F90AB5002981C8 /* ViewController.swift in Sources */,
				54F45E2023F90AB5002981C8 /* AppDelegate.swift in Sources */,
				54F45E2223F90AB5002981C8 /* SceneDelegate.swift in Sources */,
				54F45E4623F91ABC002981C8 /* QuestionModel.swift in Sources */,
				54F45E3B23F918E6002981C8 /* QuestionDidsplay.swift in Sources */,
				54F45E3D23F918F5002981C8 /* MarkDownInput.swift in Sources */,
			);
			runOnlyForDeploymentPostprocessing = 0;
		};
/* End PBXSourcesBuildPhase section */

/* Begin PBXVariantGroup section */
		54F45E2523F90AB5002981C8 /* Main.storyboard */ = {
			isa = PBXVariantGroup;
			children = (
				54F45E2623F90AB5002981C8 /* Base */,
			);
			name = Main.storyboard;
			sourceTree = "<group>";
		};
		54F45E2A23F90AC3002981C8 /* LaunchScreen.storyboard */ = {
			isa = PBXVariantGroup;
			children = (
				54F45E2B23F90AC3002981C8 /* Base */,
			);
			name = LaunchScreen.storyboard;
			sourceTree = "<group>";
		};
/* End PBXVariantGroup section */

/* Begin XCBuildConfiguration section */
		54F45E2E23F90AC3002981C8 /* Debug */ = {
			isa = XCBuildConfiguration;
			buildSettings = {
				ALWAYS_SEARCH_USER_PATHS = NO;
				CLANG_ANALYZER_NONNULL = YES;
				CLANG_ANALYZER_NUMBER_OBJECT_CONVERSION = YES_AGGRESSIVE;
				CLANG_CXX_LANGUAGE_STANDARD = "gnu++14";
				CLANG_CXX_LIBRARY = "libc++";
				CLANG_ENABLE_MODULES = YES;
				CLANG_ENABLE_OBJC_ARC = YES;
				CLANG_ENABLE_OBJC_WEAK = YES;
				CLANG_WARN_BLOCK_CAPTURE_AUTORELEASING = YES;
				CLANG_WARN_BOOL_CONVERSION = YES;
				CLANG_WARN_COMMA = YES;
				CLANG_WARN_CONSTANT_CONVERSION = YES;
				CLANG_WARN_DEPRECATED_OBJC_IMPLEMENTATIONS = YES;
				CLANG_WARN_DIRECT_OBJC_ISA_USAGE = YES_ERROR;
				CLANG_WARN_DOCUMENTATION_COMMENTS = YES;
				CLANG_WARN_EMPTY_BODY = YES;
				CLANG_WARN_ENUM_CONVERSION = YES;
				CLANG_WARN_INFINITE_RECURSION = YES;
				CLANG_WARN_INT_CONVERSION = YES;
				CLANG_WARN_NON_LITERAL_NULL_CONVERSION = YES;
				CLANG_WARN_OBJC_IMPLICIT_RETAIN_SELF = YES;
				CLANG_WARN_OBJC_LITERAL_CONVERSION = YES;
				CLANG_WARN_OBJC_ROOT_CLASS = YES_ERROR;
				CLANG_WARN_RANGE_LOOP_ANALYSIS = YES;
				CLANG_WARN_STRICT_PROTOTYPES = YES;
				CLANG_WARN_SUSPICIOUS_MOVE = YES;
				CLANG_WARN_UNGUARDED_AVAILABILITY = YES_AGGRESSIVE;
				CLANG_WARN_UNREACHABLE_CODE = YES;
				CLANG_WARN__DUPLICATE_METHOD_MATCH = YES;
				COPY_PHASE_STRIP = NO;
				DEBUG_INFORMATION_FORMAT = dwarf;
				ENABLE_STRICT_OBJC_MSGSEND = YES;
				ENABLE_TESTABILITY = YES;
				GCC_C_LANGUAGE_STANDARD = gnu11;
				GCC_DYNAMIC_NO_PIC = NO;
				GCC_NO_COMMON_BLOCKS = YES;
				GCC_OPTIMIZATION_LEVEL = 0;
				GCC_PREPROCESSOR_DEFINITIONS = (
					"DEBUG=1",
					"$(inherited)",
				);
				GCC_WARN_64_TO_32_BIT_CONVERSION = YES;
				GCC_WARN_ABOUT_RETURN_TYPE = YES_ERROR;
				GCC_WARN_UNDECLARED_SELECTOR = YES;
				GCC_WARN_UNINITIALIZED_AUTOS = YES_AGGRESSIVE;
				GCC_WARN_UNUSED_FUNCTION = YES;
				GCC_WARN_UNUSED_VARIABLE = YES;
				IPHONEOS_DEPLOYMENT_TARGET = 13.2;
				MTL_ENABLE_DEBUG_INFO = INCLUDE_SOURCE;
				MTL_FAST_MATH = YES;
				ONLY_ACTIVE_ARCH = YES;
				SDKROOT = iphoneos;
				SWIFT_ACTIVE_COMPILATION_CONDITIONS = DEBUG;
				SWIFT_OPTIMIZATION_LEVEL = "-Onone";
			};
			name = Debug;
		};
		54F45E2F23F90AC3002981C8 /* Release */ = {
			isa = XCBuildConfiguration;
			buildSettings = {
				ALWAYS_SEARCH_USER_PATHS = NO;
				CLANG_ANALYZER_NONNULL = YES;
				CLANG_ANALYZER_NUMBER_OBJECT_CONVERSION = YES_AGGRESSIVE;
				CLANG_CXX_LANGUAGE_STANDARD = "gnu++14";
				CLANG_CXX_LIBRARY = "libc++";
				CLANG_ENABLE_MODULES = YES;
				CLANG_ENABLE_OBJC_ARC = YES;
				CLANG_ENABLE_OBJC_WEAK = YES;
				CLANG_WARN_BLOCK_CAPTURE_AUTORELEASING = YES;
				CLANG_WARN_BOOL_CONVERSION = YES;
				CLANG_WARN_COMMA = YES;
				CLANG_WARN_CONSTANT_CONVERSION = YES;
				CLANG_WARN_DEPRECATED_OBJC_IMPLEMENTATIONS = YES;
				CLANG_WARN_DIRECT_OBJC_ISA_USAGE = YES_ERROR;
				CLANG_WARN_DOCUMENTATION_COMMENTS = YES;
				CLANG_WARN_EMPTY_BODY = YES;
				CLANG_WARN_ENUM_CONVERSION = YES;
				CLANG_WARN_INFINITE_RECURSION = YES;
				CLANG_WARN_INT_CONVERSION = YES;
				CLANG_WARN_NON_LITERAL_NULL_CONVERSION = YES;
				CLANG_WARN_OBJC_IMPLICIT_RETAIN_SELF = YES;
				CLANG_WARN_OBJC_LITERAL_CONVERSION = YES;
				CLANG_WARN_OBJC_ROOT_CLASS = YES_ERROR;
				CLANG_WARN_RANGE_LOOP_ANALYSIS = YES;
				CLANG_WARN_STRICT_PROTOTYPES = YES;
				CLANG_WARN_SUSPICIOUS_MOVE = YES;
				CLANG_WARN_UNGUARDED_AVAILABILITY = YES_AGGRESSIVE;
				CLANG_WARN_UNREACHABLE_CODE = YES;
				CLANG_WARN__DUPLICATE_METHOD_MATCH = YES;
				COPY_PHASE_STRIP = NO;
				DEBUG_INFORMATION_FORMAT = "dwarf-with-dsym";
				ENABLE_NS_ASSERTIONS = NO;
				ENABLE_STRICT_OBJC_MSGSEND = YES;
				GCC_C_LANGUAGE_STANDARD = gnu11;
				GCC_NO_COMMON_BLOCKS = YES;
				GCC_WARN_64_TO_32_BIT_CONVERSION = YES;
				GCC_WARN_ABOUT_RETURN_TYPE = YES_ERROR;
				GCC_WARN_UNDECLARED_SELECTOR = YES;
				GCC_WARN_UNINITIALIZED_AUTOS = YES_AGGRESSIVE;
				GCC_WARN_UNUSED_FUNCTION = YES;
				GCC_WARN_UNUSED_VARIABLE = YES;
				IPHONEOS_DEPLOYMENT_TARGET = 13.2;
				MTL_ENABLE_DEBUG_INFO = NO;
				MTL_FAST_MATH = YES;
				SDKROOT = iphoneos;
				SWIFT_COMPILATION_MODE = wholemodule;
				SWIFT_OPTIMIZATION_LEVEL = "-O";
				VALIDATE_PRODUCT = YES;
			};
			name = Release;
		};
		54F45E3123F90AC3002981C8 /* Debug */ = {
			isa = XCBuildConfiguration;
			buildSettings = {
				ASSETCATALOG_COMPILER_APPICON_NAME = AppIcon;
				CODE_SIGN_STYLE = Automatic;
				DEVELOPMENT_TEAM = 59F2M7UA57;
				INFOPLIST_FILE = MapConvertQuestion/Info.plist;
				LD_RUNPATH_SEARCH_PATHS = (
					"$(inherited)",
					"@executable_path/Frameworks",
				);
				PRODUCT_BUNDLE_IDENTIFIER = jp.techacademy.ryogo.niwa.MapConvertQuestion;
				PRODUCT_NAME = "$(TARGET_NAME)";
				SWIFT_VERSION = 5.0;
				TARGETED_DEVICE_FAMILY = "1,2";
			};
			name = Debug;
		};
		54F45E3223F90AC3002981C8 /* Release */ = {
			isa = XCBuildConfiguration;
			buildSettings = {
				ASSETCATALOG_COMPILER_APPICON_NAME = AppIcon;
				CODE_SIGN_STYLE = Automatic;
				DEVELOPMENT_TEAM = 59F2M7UA57;
				INFOPLIST_FILE = MapConvertQuestion/Info.plist;
				LD_RUNPATH_SEARCH_PATHS = (
					"$(inherited)",
					"@executable_path/Frameworks",
				);
				PRODUCT_BUNDLE_IDENTIFIER = jp.techacademy.ryogo.niwa.MapConvertQuestion;
				PRODUCT_NAME = "$(TARGET_NAME)";
				SWIFT_VERSION = 5.0;
				TARGETED_DEVICE_FAMILY = "1,2";
			};
			name = Release;
		};
/* End XCBuildConfiguration section */

/* Begin XCConfigurationList section */
		54F45E1723F90AB5002981C8 /* Build configuration list for PBXProject "MapConvertQuestion" */ = {
			isa = XCConfigurationList;
			buildConfigurations = (
				54F45E2E23F90AC3002981C8 /* Debug */,
				54F45E2F23F90AC3002981C8 /* Release */,
			);
			defaultConfigurationIsVisible = 0;
			defaultConfigurationName = Release;
		};
		54F45E3023F90AC3002981C8 /* Build configuration list for PBXNativeTarget "MapConvertQuestion" */ = {
			isa = XCConfigurationList;
			buildConfigurations = (
				54F45E3123F90AC3002981C8 /* Debug */,
				54F45E3223F90AC3002981C8 /* Release */,
			);
			defaultConfigurationIsVisible = 0;
			defaultConfigurationName = Release;
		};
/* End XCConfigurationList section */
	};
	rootObject = 54F45E1423F90AB5002981C8 /* Project object */;
}
